
Microsoft Visual Studio Solution File, Format Version 12.00
# Visual Studio Version 17
VisualStudioVersion = 17.13.35806.99 d17.13
MinimumVisualStudioVersion = 10.0.40219.1
Project("{FAE04EC0-301F-11D3-BF4B-00C04F79EFBC}") = "Scheduler", "Scheduler\Scheduler.csproj", "{2AFC8993-F5EF-4082-84D7-5872845190BA}"
EndProject
Global
	GlobalSection(SolutionConfigurationPlatforms) = preSolution
		Debug|Any CPU = Debug|Any CPU
		Release|Any CPU = Release|Any CPU
	EndGlobalSection
	GlobalSection(ProjectConfigurationPlatforms) = postSolution
		{2AFC8993-F5EF-4082-84D7-5872845190BA}.Debug|Any CPU.ActiveCfg = Debug|Any CPU
		{2AFC8993-F5EF-4082-84D7-5872845190BA}.Debug|Any CPU.Build.0 = Debug|Any CPU
		{2AFC8993-F5EF-4082-84D7-5872845190BA}.Release|Any CPU.ActiveCfg = Release|Any CPU
		{2AFC8993-F5EF-4082-84D7-5872845190BA}.Release|Any CPU.Build.0 = Release|Any CPU
	EndGlobalSection
	GlobalSection(SolutionProperties) = preSolution
		HideSolutionNode = FALSE
	EndGlobalSection
	GlobalSection(ExtensibilityGlobals) = postSolution
		SolutionGuid = {2883E418-E069-46F9-984B-B9450D2326E8}
	EndGlobalSection
EndGlobal
